
Microsoft Visual Studio Solution File, Format Version 12.00
# Visual Studio Version 16
VisualStudioVersion = 16.0.30804.86
MinimumVisualStudioVersion = 10.0.40219.1
Project("{FAE04EC0-301F-11D3-BF4B-00C04F79EFBC}") = "MEDCalculator", "MEDCalculator.csproj", "{83641838-CF23-4467-94A7-B38F5BE93823}"
EndProject
Global
	GlobalSection(SolutionConfigurationPlatforms) = preSolution
		Debug|Any CPU = Debug|Any CPU
		Release|Any CPU = Release|Any CPU
	EndGlobalSection
	GlobalSection(ProjectConfigurationPlatforms) = postSolution
		{83641838-CF23-4467-94A7-B38F5BE93823}.Debug|Any CPU.ActiveCfg = Debug|Any CPU
		{83641838-CF23-4467-94A7-B38F5BE93823}.Debug|Any CPU.Build.0 = Debug|Any CPU
		{83641838-CF23-4467-94A7-B38F5BE93823}.Release|Any CPU.ActiveCfg = Release|Any CPU
		{83641838-CF23-4467-94A7-B38F5BE93823}.Release|Any CPU.Build.0 = Release|Any CPU
	EndGlobalSection
	GlobalSection(SolutionProperties) = preSolution
		HideSolutionNode = FALSE
	EndGlobalSection
	GlobalSection(ExtensibilityGlobals) = postSolution
		SolutionGuid = {26178E07-1BF4-4617-9B61-2C644A099D66}
	EndGlobalSection
EndGlobal
